
Microsoft Visual Studio Solution File, Format Version 12.00
# Visual Studio Version 16
VisualStudioVersion = 16.0.30907.101
MinimumVisualStudioVersion = 10.0.40219.1
Project("{FAE04EC0-301F-11D3-BF4B-00C04F79EFBC}") = "MarioFernandoOrtiz_Front", "MarioFernandoOrtiz_Front\MarioFernandoOrtiz_Front.csproj", "{901CEACE-4204-4D80-A9D5-08FDA4E85277}"
EndProject
Global
	GlobalSection(SolutionConfigurationPlatforms) = preSolution
		Debug|Any CPU = Debug|Any CPU
		Release|Any CPU = Release|Any CPU
	EndGlobalSection
	GlobalSection(ProjectConfigurationPlatforms) = postSolution
		{901CEACE-4204-4D80-A9D5-08FDA4E85277}.Debug|Any CPU.ActiveCfg = Debug|Any CPU
		{901CEACE-4204-4D80-A9D5-08FDA4E85277}.Debug|Any CPU.Build.0 = Debug|Any CPU
		{901CEACE-4204-4D80-A9D5-08FDA4E85277}.Release|Any CPU.ActiveCfg = Release|Any CPU
		{901CEACE-4204-4D80-A9D5-08FDA4E85277}.Release|Any CPU.Build.0 = Release|Any CPU
	EndGlobalSection
	GlobalSection(SolutionProperties) = preSolution
		HideSolutionNode = FALSE
	EndGlobalSection
	GlobalSection(ExtensibilityGlobals) = postSolution
		SolutionGuid = {BFC88998-6D52-4FCE-A820-07C545F8A387}
	EndGlobalSection
EndGlobal
